
Microsoft Visual Studio Solution File, Format Version 12.00
# Visual Studio Version 16
VisualStudioVersion = 16.0.28917.181
MinimumVisualStudioVersion = 10.0.40219.1
Project("{9A19103F-16F7-4668-BE54-9A1E7A4F7556}") = "Library", "Library\Library.csproj", "{03FD9530-F848-47F1-B812-2856599D391F}"
EndProject
Project("{FAE04EC0-301F-11D3-BF4B-00C04F79EFBC}") = "Library.Tests", "Library.Tests\Library.Tests.csproj", "{1699D089-5E08-461D-8BDF-9561AD87FA57}"
EndProject
Project("{FAE04EC0-301F-11D3-BF4B-00C04F79EFBC}") = "Library.Integration", "Library.Integration\Library.Integration.csproj", "{43B101C0-13DB-45F1-B571-E885A8CE93E4}"
EndProject
Global
	GlobalSection(SolutionConfigurationPlatforms) = preSolution
		Debug|Any CPU = Debug|Any CPU
		Release|Any CPU = Release|Any CPU
	EndGlobalSection
	GlobalSection(ProjectConfigurationPlatforms) = postSolution
		{03FD9530-F848-47F1-B812-2856599D391F}.Debug|Any CPU.ActiveCfg = Debug|Any CPU
		{03FD9530-F848-47F1-B812-2856599D391F}.Debug|Any CPU.Build.0 = Debug|Any CPU
		{03FD9530-F848-47F1-B812-2856599D391F}.Release|Any CPU.ActiveCfg = Release|Any CPU
		{03FD9530-F848-47F1-B812-2856599D391F}.Release|Any CPU.Build.0 = Release|Any CPU
		{1699D089-5E08-461D-8BDF-9561AD87FA57}.Debug|Any CPU.ActiveCfg = Debug|Any CPU
		{1699D089-5E08-461D-8BDF-9561AD87FA57}.Debug|Any CPU.Build.0 = Debug|Any CPU
		{1699D089-5E08-461D-8BDF-9561AD87FA57}.Release|Any CPU.ActiveCfg = Release|Any CPU
		{1699D089-5E08-461D-8BDF-9561AD87FA57}.Release|Any CPU.Build.0 = Release|Any CPU
		{43B101C0-13DB-45F1-B571-E885A8CE93E4}.Debug|Any CPU.ActiveCfg = Debug|Any CPU
		{43B101C0-13DB-45F1-B571-E885A8CE93E4}.Debug|Any CPU.Build.0 = Debug|Any CPU
		{43B101C0-13DB-45F1-B571-E885A8CE93E4}.Release|Any CPU.ActiveCfg = Release|Any CPU
		{43B101C0-13DB-45F1-B571-E885A8CE93E4}.Release|Any CPU.Build.0 = Release|Any CPU
	EndGlobalSection
	GlobalSection(SolutionProperties) = preSolution
		HideSolutionNode = FALSE
	EndGlobalSection
	GlobalSection(ExtensibilityGlobals) = postSolution
		SolutionGuid = {728A2661-63C6-4969-8D71-A89175738497}
	EndGlobalSection
EndGlobal
